
Microsoft Visual Studio Solution File, Format Version 12.00
# Visual Studio 14
VisualStudioVersion = 14.0.25420.1
MinimumVisualStudioVersion = 10.0.40219.1
Project("{FAE04EC0-301F-11D3-BF4B-00C04F79EFBC}") = "RosBridgeClientExamples", "..\RosBridgeClientExamples\RosBridgeClientExamples.csproj", "{93665809-D038-4691-BB13-CA0F0FFC4A43}"
	ProjectSection(ProjectDependencies) = postProject
		{27CD898A-8840-4CDD-A475-4A672FD2EF50} = {27CD898A-8840-4CDD-A475-4A672FD2EF50}
	EndProjectSection
EndProject
Project("{FAE04EC0-301F-11D3-BF4B-00C04F79EFBC}") = "RosBridgeClient", "RosBridgeClient.csproj", "{27CD898A-8840-4CDD-A475-4A672FD2EF50}"
EndProject
Global
	GlobalSection(SolutionConfigurationPlatforms) = preSolution
		Debug|Any CPU = Debug|Any CPU
		Release|Any CPU = Release|Any CPU
	EndGlobalSection
	GlobalSection(ProjectConfigurationPlatforms) = postSolution
		{93665809-D038-4691-BB13-CA0F0FFC4A43}.Debug|Any CPU.ActiveCfg = Debug|Any CPU
		{93665809-D038-4691-BB13-CA0F0FFC4A43}.Debug|Any CPU.Build.0 = Debug|Any CPU
		{93665809-D038-4691-BB13-CA0F0FFC4A43}.Release|Any CPU.ActiveCfg = Release|Any CPU
		{93665809-D038-4691-BB13-CA0F0FFC4A43}.Release|Any CPU.Build.0 = Release|Any CPU
		{27CD898A-8840-4CDD-A475-4A672FD2EF50}.Debug|Any CPU.ActiveCfg = Debug|Any CPU
		{27CD898A-8840-4CDD-A475-4A672FD2EF50}.Debug|Any CPU.Build.0 = Debug|Any CPU
		{27CD898A-8840-4CDD-A475-4A672FD2EF50}.Release|Any CPU.ActiveCfg = Release|Any CPU
		{27CD898A-8840-4CDD-A475-4A672FD2EF50}.Release|Any CPU.Build.0 = Release|Any CPU
	EndGlobalSection
	GlobalSection(SolutionProperties) = preSolution
		HideSolutionNode = FALSE
	EndGlobalSection
EndGlobal
