
Microsoft Visual Studio Solution File, Format Version 12.00
# Visual Studio 15
VisualStudioVersion = 15.0.26430.16
MinimumVisualStudioVersion = 10.0.40219.1
Project("{FAE04EC0-301F-11D3-BF4B-00C04F79EFBC}") = "URDFImporter", "URDFImporter\URDFImporter.csproj", "{49D51831-5AD2-4612-A50F-33C3F4627EA5}"
EndProject
Project("{FAE04EC0-301F-11D3-BF4B-00C04F79EFBC}") = "URDFImporterEditor", "URDFImporterEditor\URDFImporterEditor.csproj", "{20289B63-E82A-4728-B9C7-DDA985BAF054}"
EndProject
Global
	GlobalSection(SolutionConfigurationPlatforms) = preSolution
		Debug|Any CPU = Debug|Any CPU
		Release|Any CPU = Release|Any CPU
	EndGlobalSection
	GlobalSection(ProjectConfigurationPlatforms) = postSolution
		{49D51831-5AD2-4612-A50F-33C3F4627EA5}.Debug|Any CPU.ActiveCfg = Debug|Any CPU
		{49D51831-5AD2-4612-A50F-33C3F4627EA5}.Debug|Any CPU.Build.0 = Debug|Any CPU
		{49D51831-5AD2-4612-A50F-33C3F4627EA5}.Release|Any CPU.ActiveCfg = Release|Any CPU
		{49D51831-5AD2-4612-A50F-33C3F4627EA5}.Release|Any CPU.Build.0 = Release|Any CPU
		{20289B63-E82A-4728-B9C7-DDA985BAF054}.Debug|Any CPU.ActiveCfg = Debug|Any CPU
		{20289B63-E82A-4728-B9C7-DDA985BAF054}.Debug|Any CPU.Build.0 = Debug|Any CPU
		{20289B63-E82A-4728-B9C7-DDA985BAF054}.Release|Any CPU.ActiveCfg = Release|Any CPU
		{20289B63-E82A-4728-B9C7-DDA985BAF054}.Release|Any CPU.Build.0 = Release|Any CPU
	EndGlobalSection
	GlobalSection(SolutionProperties) = preSolution
		HideSolutionNode = FALSE
	EndGlobalSection
EndGlobal
